Microsoft Visual Studio Solution File, Format Version 11.00
# Visual Studio 2008

Project("{7AE670B6-6305-7294-1C09-7B757988E627}") = "Heureka", "Assembly-CSharp-vs.csproj", "{D43AA2FD-E4AE-6EE7-6955-786FDAE141E8}"
EndProject
Global
	GlobalSection(SolutionConfigurationPlatforms) = preSolution
		Debug|Any CPU = Debug|Any CPU
		Release|Any CPU = Release|Any CPU
	EndGlobalSection
	GlobalSection(ProjectConfigurationPlatforms) = postSolution
		{D43AA2FD-E4AE-6EE7-6955-786FDAE141E8}.Debug|Any CPU.ActiveCfg = Debug|Any CPU
		{D43AA2FD-E4AE-6EE7-6955-786FDAE141E8}.Debug|Any CPU.Build.0 = Debug|Any CPU
		{D43AA2FD-E4AE-6EE7-6955-786FDAE141E8}.Release|Any CPU.ActiveCfg = Release|Any CPU
		{D43AA2FD-E4AE-6EE7-6955-786FDAE141E8}.Release|Any CPU.Build.0 = Release|Any CPU
	EndGlobalSection
	GlobalSection(SolutionProperties) = preSolution
		HideSolutionNode = FALSE
	EndGlobalSection
																																																																																																																																																								GlobalSection(MonoDevelopProperties) = preSolution
=======
																																																																																																																																																			GlobalSection(MonoDevelopProperties) = preSolution
=======
																																																																																																																																						GlobalSection(MonoDevelopProperties) = preSolution
=======
																																																																																																																																									GlobalSection(MonoDevelopProperties) = preSolution
>>>>>>> b2c5131791a5473517f6e8cf44bfd618c3aa4403
>>>>>>> 986fa40fd616ed94e61dc5ee688dce4a9945a1ee
=======
																																																																																																																																			GlobalSection(MonoDevelopProperties) = preSolution
>>>>>>> 43f000c4df63eac8f9b12bcf21ce51f100c2eb07
=======
																																																																																																																																	GlobalSection(MonoDevelopProperties) = preSolution
>>>>>>> f616c919931fa446dd902ab46a7276f790e467f1
>>>>>>> 988314b6f047fdf2a5507c85cd54aab8208a7850
=======
																																																																																																			GlobalSection(MonoDevelopProperties) = preSolution
=======
																																																																																																								GlobalSection(MonoDevelopProperties) = preSolution
>>>>>>> a1823fa01d848a5f10991243e2d539134b6af7ed
=======
																																																																																																GlobalSection(MonoDevelopProperties) = preSolution
>>>>>>> c1c3b3bec0bd7cf3729024a5749e4fc37f66cf82
>>>>>>> 6c9d2eb92d0d685ca2029eec572b1bd2e896cb7b
		StartupItem = Assembly-CSharp.csproj
		Policies = $0
		$0.TextStylePolicy = $1
		$1.inheritsSet = null
		$1.scope = text/x-csharp
		$0.CSharpFormattingPolicy = $2
		$2.inheritsSet = Mono
		$2.inheritsScope = text/x-csharp
		$2.scope = text/x-csharp
		$0.TextStylePolicy = $3
		$3.FileWidth = 120
		$3.TabWidth = 4
		$3.EolMarker = Unix
		$3.inheritsSet = Mono
		$3.inheritsScope = text/plain
		$3.scope = text/plain
	EndGlobalSection

EndGlobal
